
Microsoft Visual Studio Solution File, Format Version 12.00
# Visual Studio Version 17
VisualStudioVersion = 17.6.33801.468
MinimumVisualStudioVersion = 10.0.40219.1
Project("{9A19103F-16F7-4668-BE54-9A1E7A4F7556}") = "NCloud", "NCloud\NCloud.csproj", "{F680D519-F35E-46FC-B07B-A9F68AF4AF99}"
EndProject
Global
	GlobalSection(SolutionConfigurationPlatforms) = preSolution
		Debug|Any CPU = Debug|Any CPU
		Release|Any CPU = Release|Any CPU
	EndGlobalSection
	GlobalSection(ProjectConfigurationPlatforms) = postSolution
		{F680D519-F35E-46FC-B07B-A9F68AF4AF99}.Debug|Any CPU.ActiveCfg = Debug|Any CPU
		{F680D519-F35E-46FC-B07B-A9F68AF4AF99}.Debug|Any CPU.Build.0 = Debug|Any CPU
		{F680D519-F35E-46FC-B07B-A9F68AF4AF99}.Release|Any CPU.ActiveCfg = Release|Any CPU
		{F680D519-F35E-46FC-B07B-A9F68AF4AF99}.Release|Any CPU.Build.0 = Release|Any CPU
	EndGlobalSection
	GlobalSection(SolutionProperties) = preSolution
		HideSolutionNode = FALSE
	EndGlobalSection
	GlobalSection(ExtensibilityGlobals) = postSolution
		SolutionGuid = {129E07FC-C7A2-42E0-B3F1-10F3944B4DDF}
	EndGlobalSection
EndGlobal
