
Microsoft Visual Studio Solution File, Format Version 12.00
# Visual Studio Version 17
VisualStudioVersion = 17.6.33801.468
MinimumVisualStudioVersion = 10.0.40219.1
Project("{9A19103F-16F7-4668-BE54-9A1E7A4F7556}") = "NCloud", "NCloud\NCloud.csproj", "{F680D519-F35E-46FC-B07B-A9F68AF4AF99}"
EndProject
Project("{9A19103F-16F7-4668-BE54-9A1E7A4F7556}") = "TestEnvironment", "TestEnvironment\TestEnvironment.csproj", "{BAABB97B-E799-4376-8648-CDA275162841}"
EndProject
Project("{FAE04EC0-301F-11D3-BF4B-00C04F79EFBC}") = "NCloudServicesTest", "CloudServicesTest\NCloudServicesTest.csproj", "{35C5CF89-2F06-4EF6-86CB-89647A54666C}"
EndProject
Global
	GlobalSection(SolutionConfigurationPlatforms) = preSolution
		Debug|Any CPU = Debug|Any CPU
		Release|Any CPU = Release|Any CPU
	EndGlobalSection
	GlobalSection(ProjectConfigurationPlatforms) = postSolution
		{F680D519-F35E-46FC-B07B-A9F68AF4AF99}.Debug|Any CPU.ActiveCfg = Debug|Any CPU
		{F680D519-F35E-46FC-B07B-A9F68AF4AF99}.Debug|Any CPU.Build.0 = Debug|Any CPU
		{F680D519-F35E-46FC-B07B-A9F68AF4AF99}.Release|Any CPU.ActiveCfg = Release|Any CPU
		{F680D519-F35E-46FC-B07B-A9F68AF4AF99}.Release|Any CPU.Build.0 = Release|Any CPU
		{BAABB97B-E799-4376-8648-CDA275162841}.Debug|Any CPU.ActiveCfg = Debug|Any CPU
		{BAABB97B-E799-4376-8648-CDA275162841}.Debug|Any CPU.Build.0 = Debug|Any CPU
		{BAABB97B-E799-4376-8648-CDA275162841}.Release|Any CPU.ActiveCfg = Release|Any CPU
		{BAABB97B-E799-4376-8648-CDA275162841}.Release|Any CPU.Build.0 = Release|Any CPU
		{35C5CF89-2F06-4EF6-86CB-89647A54666C}.Debug|Any CPU.ActiveCfg = Debug|Any CPU
		{35C5CF89-2F06-4EF6-86CB-89647A54666C}.Debug|Any CPU.Build.0 = Debug|Any CPU
		{35C5CF89-2F06-4EF6-86CB-89647A54666C}.Release|Any CPU.ActiveCfg = Release|Any CPU
		{35C5CF89-2F06-4EF6-86CB-89647A54666C}.Release|Any CPU.Build.0 = Release|Any CPU
	EndGlobalSection
	GlobalSection(SolutionProperties) = preSolution
		HideSolutionNode = FALSE
	EndGlobalSection
	GlobalSection(ExtensibilityGlobals) = postSolution
		SolutionGuid = {129E07FC-C7A2-42E0-B3F1-10F3944B4DDF}
	EndGlobalSection
EndGlobal
